
Microsoft Visual Studio Solution File, Format Version 12.00
# Visual Studio 2013
VisualStudioVersion = 12.0.31101.0
MinimumVisualStudioVersion = 10.0.40219.1
Project("{FAE04EC0-301F-11D3-BF4B-00C04F79EFBC}") = "Medicine.Clinic.DataAccess", "ISD.Clinic.DataAccess\Medicine.Clinic.DataAccess.csproj", "{27682810-7F5E-4946-B20B-395AE6E223DA}"
EndProject
Project("{FAE04EC0-301F-11D3-BF4B-00C04F79EFBC}") = "Medicine.Clinic.Service", "ISD.Clinic.Service\Medicine.Clinic.Service.csproj", "{93325118-C081-47E7-BEDF-7087E5B7406D}"
EndProject
Project("{FAE04EC0-301F-11D3-BF4B-00C04F79EFBC}") = "Medicine.Clinic.DataAccessTests", "ISD.Clinic.DataAccessTests\Medicine.Clinic.DataAccessTests.csproj", "{AA71F3F3-E7E5-402B-A2A6-E08360E0D544}"
EndProject
Global
	GlobalSection(SolutionConfigurationPlatforms) = preSolution
		Debug|Any CPU = Debug|Any CPU
		Release|Any CPU = Release|Any CPU
	EndGlobalSection
	GlobalSection(ProjectConfigurationPlatforms) = postSolution
		{27682810-7F5E-4946-B20B-395AE6E223DA}.Debug|Any CPU.ActiveCfg = Debug|Any CPU
		{27682810-7F5E-4946-B20B-395AE6E223DA}.Debug|Any CPU.Build.0 = Debug|Any CPU
		{27682810-7F5E-4946-B20B-395AE6E223DA}.Release|Any CPU.ActiveCfg = Release|Any CPU
		{27682810-7F5E-4946-B20B-395AE6E223DA}.Release|Any CPU.Build.0 = Release|Any CPU
		{93325118-C081-47E7-BEDF-7087E5B7406D}.Debug|Any CPU.ActiveCfg = Debug|Any CPU
		{93325118-C081-47E7-BEDF-7087E5B7406D}.Debug|Any CPU.Build.0 = Debug|Any CPU
		{93325118-C081-47E7-BEDF-7087E5B7406D}.Release|Any CPU.ActiveCfg = Release|Any CPU
		{93325118-C081-47E7-BEDF-7087E5B7406D}.Release|Any CPU.Build.0 = Release|Any CPU
		{AA71F3F3-E7E5-402B-A2A6-E08360E0D544}.Debug|Any CPU.ActiveCfg = Debug|Any CPU
		{AA71F3F3-E7E5-402B-A2A6-E08360E0D544}.Debug|Any CPU.Build.0 = Debug|Any CPU
		{AA71F3F3-E7E5-402B-A2A6-E08360E0D544}.Release|Any CPU.ActiveCfg = Release|Any CPU
		{AA71F3F3-E7E5-402B-A2A6-E08360E0D544}.Release|Any CPU.Build.0 = Release|Any CPU
	EndGlobalSection
	GlobalSection(SolutionProperties) = preSolution
		HideSolutionNode = FALSE
	EndGlobalSection
EndGlobal
